
Microsoft Visual Studio Solution File, Format Version 12.00
# Visual Studio 2012
Project("{FAE04EC0-301F-11D3-BF4B-00C04F79EFBC}") = "holaMundo", "holaMundo\holaMundo.csproj", "{460B9571-BB7C-47CB-87D4-8146E7BB0282}"
EndProject
Global
	GlobalSection(SolutionConfigurationPlatforms) = preSolution
		Debug|Any CPU = Debug|Any CPU
		Release|Any CPU = Release|Any CPU
	EndGlobalSection
	GlobalSection(ProjectConfigurationPlatforms) = postSolution
		{460B9571-BB7C-47CB-87D4-8146E7BB0282}.Debug|Any CPU.ActiveCfg = Debug|Any CPU
		{460B9571-BB7C-47CB-87D4-8146E7BB0282}.Debug|Any CPU.Build.0 = Debug|Any CPU
		{460B9571-BB7C-47CB-87D4-8146E7BB0282}.Release|Any CPU.ActiveCfg = Release|Any CPU
		{460B9571-BB7C-47CB-87D4-8146E7BB0282}.Release|Any CPU.Build.0 = Release|Any CPU
	EndGlobalSection
EndGlobal
