
Microsoft Visual Studio Solution File, Format Version 12.00
# Visual Studio 2012
Project("{FAE04EC0-301F-11D3-BF4B-00C04F79EFBC}") = "PruebasProyectoSismos", "PruebasProyectoSismos\PruebasProyectoSismos.csproj", "{8951E5FB-9CD8-4F79-8EC1-59F8A15B3DF2}"
EndProject
Project("{FAE04EC0-301F-11D3-BF4B-00C04F79EFBC}") = "PruebasProyectoSismos.Tests", "PruebasProyectoSismos.Tests\PruebasProyectoSismos.Tests.csproj", "{9F6CB877-2846-4045-9E65-C7584D415A8D}"
EndProject
Global
	GlobalSection(SolutionConfigurationPlatforms) = preSolution
		Debug|Any CPU = Debug|Any CPU
		Release|Any CPU = Release|Any CPU
	EndGlobalSection
	GlobalSection(ProjectConfigurationPlatforms) = postSolution
		{8951E5FB-9CD8-4F79-8EC1-59F8A15B3DF2}.Debug|Any CPU.ActiveCfg = Debug|Any CPU
		{8951E5FB-9CD8-4F79-8EC1-59F8A15B3DF2}.Debug|Any CPU.Build.0 = Debug|Any CPU
		{8951E5FB-9CD8-4F79-8EC1-59F8A15B3DF2}.Release|Any CPU.ActiveCfg = Release|Any CPU
		{8951E5FB-9CD8-4F79-8EC1-59F8A15B3DF2}.Release|Any CPU.Build.0 = Release|Any CPU
		{9F6CB877-2846-4045-9E65-C7584D415A8D}.Debug|Any CPU.ActiveCfg = Debug|Any CPU
		{9F6CB877-2846-4045-9E65-C7584D415A8D}.Debug|Any CPU.Build.0 = Debug|Any CPU
		{9F6CB877-2846-4045-9E65-C7584D415A8D}.Release|Any CPU.ActiveCfg = Release|Any CPU
		{9F6CB877-2846-4045-9E65-C7584D415A8D}.Release|Any CPU.Build.0 = Release|Any CPU
	EndGlobalSection
EndGlobal
